{
  "name": "api-gateway",
  "lockfileVersion": 3,
  "requires": true,
  "packages": {
    "": {
      "dependencies": {
        "xemphim-microservices": "file:.."
      }
    },
    "..": {
      "name": "xemphim-microservices",
      "version": "1.0.0",
      "dependencies": {
        "concurrently": "^8.2.2"
      }
    },
    "node_modules/xemphim-microservices": {
      "resolved": "..",
      "link": true
    }
  }
}
